
Microsoft Visual Studio Solution File, Format Version 12.00
# Visual Studio Version 17
VisualStudioVersion = 17.2.32526.322
MinimumVisualStudioVersion = 10.0.40219.1
Project("{FAE04EC0-301F-11D3-BF4B-00C04F79EFBC}") = "WebApplication3", "WebApplication3\WebApplication3.csproj", "{49FC83E3-B5C8-440C-A741-2A440934A3CD}"
EndProject
Global
	GlobalSection(SolutionConfigurationPlatforms) = preSolution
		Debug|Any CPU = Debug|Any CPU
		Release|Any CPU = Release|Any CPU
	EndGlobalSection
	GlobalSection(ProjectConfigurationPlatforms) = postSolution
		{49FC83E3-B5C8-440C-A741-2A440934A3CD}.Debug|Any CPU.ActiveCfg = Debug|Any CPU
		{49FC83E3-B5C8-440C-A741-2A440934A3CD}.Debug|Any CPU.Build.0 = Debug|Any CPU
		{49FC83E3-B5C8-440C-A741-2A440934A3CD}.Release|Any CPU.ActiveCfg = Release|Any CPU
		{49FC83E3-B5C8-440C-A741-2A440934A3CD}.Release|Any CPU.Build.0 = Release|Any CPU
	EndGlobalSection
	GlobalSection(SolutionProperties) = preSolution
		HideSolutionNode = FALSE
	EndGlobalSection
	GlobalSection(ExtensibilityGlobals) = postSolution
		SolutionGuid = {10B703C1-0499-4BC0-B44F-B3DA9A12DE67}
	EndGlobalSection
EndGlobal
